
Microsoft Visual Studio Solution File, Format Version 12.00
# Visual Studio Version 16
VisualStudioVersion = 16.0.29102.190
MinimumVisualStudioVersion = 10.0.40219.1
Project("{FAE04EC0-301F-11D3-BF4B-00C04F79EFBC}") = "Projeto-teste", "Projeto-teste\Projeto-teste.csproj", "{AA562E70-9A9C-4EA6-AAF3-E734F706A6F8}"
EndProject
Global
	GlobalSection(SolutionConfigurationPlatforms) = preSolution
		Debug|Any CPU = Debug|Any CPU
		Release|Any CPU = Release|Any CPU
	EndGlobalSection
	GlobalSection(ProjectConfigurationPlatforms) = postSolution
		{AA562E70-9A9C-4EA6-AAF3-E734F706A6F8}.Debug|Any CPU.ActiveCfg = Debug|Any CPU
		{AA562E70-9A9C-4EA6-AAF3-E734F706A6F8}.Debug|Any CPU.Build.0 = Debug|Any CPU
		{AA562E70-9A9C-4EA6-AAF3-E734F706A6F8}.Release|Any CPU.ActiveCfg = Release|Any CPU
		{AA562E70-9A9C-4EA6-AAF3-E734F706A6F8}.Release|Any CPU.Build.0 = Release|Any CPU
	EndGlobalSection
	GlobalSection(SolutionProperties) = preSolution
		HideSolutionNode = FALSE
	EndGlobalSection
	GlobalSection(ExtensibilityGlobals) = postSolution
		SolutionGuid = {4C0D78E2-0F33-4DAB-A446-9D9484205495}
	EndGlobalSection
EndGlobal
